{
  "name": "terraclassifier_1_final",
  "version": "1.0.0",
  "lockfileVersion": 2,
  "requires": true,
  "packages": {
    "": {
      "name": "terraclassifier_1_final",
      "version": "1.0.0",
      "license": "ISC",
      "dependencies": {
        "ansi-escapes": "^4.3.2",
        "ansi-regex": "^5.0.1",
        "ansi-styles": "^4.3.0",
        "append-field": "^1.0.0",
        "aproba": "^1.2.0",
        "are-we-there-yet": "^1.1.7",
        "base64-js": "^1.5.1",
        "better-sqlite3": "^9.2.2",
        "bindings": "^1.5.0",
        "bl": "^4.1.0",
        "buffer": "^5.7.1",
        "buffer-from": "^1.1.2",
        "busboy": "^1.6.0",
        "chalk": "^4.1.1",
        "chardet": "^0.7.0",
        "chownr": "^1.1.4",
        "cli-cursor": "^3.1.0",
        "cli-width": "^3.0.0",
        "code-point-at": "^1.1.0",
        "color-convert": "^2.0.1",
        "color-name": "^1.1.4",
        "concat-stream": "^1.6.2",
        "console-control-strings": "^1.1.0",
        "core-util-is": "^1.0.3",
        "decompress-response": "^6.0.0",
        "deep-extend": "^0.6.0",
        "delegates": "^1.0.0",
        "detect-libc": "^2.0.2",
        "duplexer": "^0.1.2",
        "emoji-regex": "^8.0.0",
        "end-of-stream": "^1.4.4",
        "escape-string-regexp": "^1.0.5",
        "event-stream": "^4.0.1",
        "expand-template": "^2.0.3",
        "external-editor": "^3.1.0",
        "figures": "^3.2.0",
        "file-type": "^12.4.0",
        "file-uri-to-path": "^1.0.0",
        "from": "^0.1.7",
        "fs": "^0.0.1-security",
        "fs-constants": "^1.0.0",
        "fs-minipass": "^2.1.0",
        "gauge": "^2.7.4",
        "geojson-rbush": "^3.2.0",
        "geojson-stream": "^0.1.0",
        "github-from-package": "^0.0.0",
        "has-flag": "^4.0.0",
        "has-unicode": "^2.0.1",
        "iconv-lite": "^0.4.24",
        "ieee754": "^1.2.1",
        "image-size": "^0.8.3",
        "inherits": "^2.0.4",
        "ini": "^1.3.8",
        "inquirer": "^8.0.0",
        "is-fullwidth-code-point": "^3.0.0",
        "isarray": "^1.0.0",
        "jsonparse": "^1.3.1",
        "JSONStream": "^1.3.5",
        "lodash": "^4.17.21",
        "lru-cache": "^6.0.0",
        "map-stream": "^0.0.7",
        "media-typer": "^0.3.0",
        "mgrs": "^1.0.0",
        "mime-db": "^1.52.0",
        "mime-types": "^2.1.35",
        "mimic-fn": "^2.1.0",
        "mimic-response": "^3.1.0",
        "minimist": "^1.2.8",
        "minipass": "^5.0.0",
        "minizlib": "^2.1.2",
        "mkdirp": "^0.5.6",
        "mkdirp-classic": "^0.5.3",
        "multer": "^1.4.5-lts.1",
        "mute-stream": "^0.0.8",
        "napi-build-utils": "^1.0.2",
        "node-abi": "^3.52.0",
        "npmlog": "^4.1.2",
        "number-is-nan": "^1.0.1",
        "object-assign": "^4.1.1",
        "once": "^1.4.0",
        "onetime": "^5.1.2",
        "os-tmpdir": "^1.0.2",
        "pause-stream": "^0.0.11",
        "polygon-clipping": "^0.15.3",
        "prebuild-install": "^7.1.1",
        "process-nextick-args": "^2.0.1",
        "proj4": "^2.8.0",
        "pump": "^3.0.0",
        "queue": "^6.0.1",
        "quickselect": "^2.0.0",
        "rbush": "^3.0.1",
        "rc": "^1.2.8",
        "readable-stream": "^2.3.8",
        "reproject": "^1.2.5",
        "restore-cursor": "^3.1.0",
        "rtree-sql.js": "^1.7.0",
        "run-async": "^2.4.1",
        "rxjs": "^6.6.7",
        "safe-buffer": "^5.1.2",
        "safer-buffer": "^2.1.2",
        "semver": "^7.5.4",
        "set-blocking": "^2.0.0",
        "signal-exit": "^3.0.7",
        "simple-concat": "^1.0.1",
        "simple-get": "^4.0.1",
        "simplify-js": "^1.2.4",
        "splaytree": "^3.1.2",
        "split": "^1.0.1",
        "stream-combiner": "^0.2.2",
        "streamsearch": "^1.1.0",
        "string_decoder": "^1.1.1",
        "string-width": "^4.2.3",
        "strip-ansi": "^6.0.1",
        "strip-json-comments": "^2.0.1",
        "supports-color": "^7.2.0",
        "tar": "^6.2.0",
        "tar-fs": "^2.1.1",
        "tar-stream": "^2.2.0",
        "through": "^2.3.8",
        "tmp": "^0.0.33",
        "tslib": "^1.14.1",
        "tunnel-agent": "^0.6.0",
        "type-fest": "^0.21.3",
        "type-is": "^1.6.18",
        "typedarray": "^0.0.6",
        "undici-types": "^5.26.5",
        "util-deprecate": "^1.0.2",
        "webworkify": "^1.5.0",
        "wide-align": "^1.1.5",
        "wkt-parser": "^1.3.3",
        "wkx": "^0.4.8",
        "wrappy": "^1.0.2",
        "xtend": "^4.0.2",
        "yallist": "^4.0.0"
      },
      "devDependencies": {}
    },
    "node_modules/@turf/bbox": {
      "version": "6.3.0",
      "license": "MIT",
      "dependencies": {
        "@turf/helpers": "^6.3.0",
        "@turf/meta": "^6.3.0"
      }
    },
    "node_modules/@turf/helpers": {
      "version": "6.5.0",
      "license": "MIT",
      "funding": {
        "url": "https://opencollective.com/turf"
      }
    },
    "node_modules/@turf/meta": {
      "version": "6.5.0",
      "license": "MIT",
      "dependencies": {
        "@turf/helpers": "^6.5.0"
      },
      "funding": {
        "url": "https://opencollective.com/turf"
      }
    },
    "node_modules/@types/geojson": {
      "version": "7946.0.8",
      "license": "MIT"
    },
    "node_modules/@types/node": {
      "version": "20.10.4",
      "license": "MIT",
      "dependencies": {
        "undici-types": "~5.26.4"
      }
    },
    "node_modules/ansi-escapes": {
      "version": "4.3.2",
      "license": "MIT",
      "dependencies": {
        "type-fest": "^0.21.3"
      },
      "engines": {
        "node": ">=8"
      },
      "funding": {
        "url": "https://github.com/sponsors/sindresorhus"
      }
    },
    "node_modules/ansi-regex": {
      "version": "5.0.1",
      "license": "MIT",
      "engines": {
        "node": ">=8"
      }
    },
    "node_modules/ansi-styles": {
      "version": "4.3.0",
      "license": "MIT",
      "dependencies": {
        "color-convert": "^2.0.1"
      },
      "engines": {
        "node": ">=8"
      },
      "funding": {
        "url": "https://github.com/chalk/ansi-styles?sponsor=1"
      }
    },
    "node_modules/append-field": {
      "version": "1.0.0",
      "license": "MIT"
    },
    "node_modules/aproba": {
      "version": "1.2.0",
      "license": "ISC"
    },
    "node_modules/are-we-there-yet": {
      "version": "1.1.7",
      "license": "ISC",
      "dependencies": {
        "delegates": "^1.0.0",
        "readable-stream": "^2.0.6"
      }
    },
    "node_modules/base64-js": {
      "version": "1.5.1",
      "funding": [
        {
          "type": "github",
          "url": "https://github.com/sponsors/feross"
        },
        {
          "type": "patreon",
          "url": "https://www.patreon.com/feross"
        },
        {
          "type": "consulting",
          "url": "https://feross.org/support"
        }
      ],
      "license": "MIT"
    },
    "node_modules/better-sqlite3": {
      "version": "9.2.2",
      "hasInstallScript": true,
      "license": "MIT",
      "dependencies": {
        "bindings": "^1.5.0",
        "prebuild-install": "^7.1.1"
      }
    },
    "node_modules/bindings": {
      "version": "1.5.0",
      "license": "MIT",
      "dependencies": {
        "file-uri-to-path": "1.0.0"
      }
    },
    "node_modules/bl": {
      "version": "4.1.0",
      "license": "MIT",
      "dependencies": {
        "buffer": "^5.5.0",
        "inherits": "^2.0.4",
        "readable-stream": "^3.4.0"
      }
    },
    "node_modules/bl/node_modules/readable-stream": {
      "version": "3.6.2",
      "license": "MIT",
      "dependencies": {
        "inherits": "^2.0.3",
        "string_decoder": "^1.1.1",
        "util-deprecate": "^1.0.1"
      },
      "engines": {
        "node": ">= 6"
      }
    },
    "node_modules/buffer": {
      "version": "5.7.1",
      "funding": [
        {
          "type": "github",
          "url": "https://github.com/sponsors/feross"
        },
        {
          "type": "patreon",
          "url": "https://www.patreon.com/feross"
        },
        {
          "type": "consulting",
          "url": "https://feross.org/support"
        }
      ],
      "license": "MIT",
      "dependencies": {
        "base64-js": "^1.3.1",
        "ieee754": "^1.1.13"
      }
    },
    "node_modules/buffer-from": {
      "version": "1.1.2",
      "license": "MIT"
    },
    "node_modules/busboy": {
      "version": "1.6.0",
      "dependencies": {
        "streamsearch": "^1.1.0"
      },
      "engines": {
        "node": ">=10.16.0"
      }
    },
    "node_modules/chalk": {
      "version": "4.1.1",
      "license": "MIT",
      "dependencies": {
        "ansi-styles": "^4.1.0",
        "supports-color": "^7.1.0"
      },
      "engines": {
        "node": ">=10"
      },
      "funding": {
        "url": "https://github.com/chalk/chalk?sponsor=1"
      }
    },
    "node_modules/chardet": {
      "version": "0.7.0",
      "license": "MIT"
    },
    "node_modules/chownr": {
      "version": "1.1.4",
      "license": "ISC"
    },
    "node_modules/cli-cursor": {
      "version": "3.1.0",
      "license": "MIT",
      "dependencies": {
        "restore-cursor": "^3.1.0"
      },
      "engines": {
        "node": ">=8"
      }
    },
    "node_modules/cli-width": {
      "version": "3.0.0",
      "license": "ISC",
      "engines": {
        "node": ">= 10"
      }
    },
    "node_modules/code-point-at": {
      "version": "1.1.0",
      "license": "MIT",
      "engines": {
        "node": ">=0.10.0"
      }
    },
    "node_modules/color-convert": {
      "version": "2.0.1",
      "license": "MIT",
      "dependencies": {
        "color-name": "~1.1.4"
      },
      "engines": {
        "node": ">=7.0.0"
      }
    },
    "node_modules/color-name": {
      "version": "1.1.4",
      "license": "MIT"
    },
    "node_modules/concat-stream": {
      "version": "1.6.2",
      "engines": [
        "node >= 0.8"
      ],
      "license": "MIT",
      "dependencies": {
        "buffer-from": "^1.0.0",
        "inherits": "^2.0.3",
        "readable-stream": "^2.2.2",
        "typedarray": "^0.0.6"
      }
    },
    "node_modules/console-control-strings": {
      "version": "1.1.0",
      "license": "ISC"
    },
    "node_modules/core-util-is": {
      "version": "1.0.3",
      "license": "MIT"
    },
    "node_modules/decompress-response": {
      "version": "6.0.0",
      "license": "MIT",
      "dependencies": {
        "mimic-response": "^3.1.0"
      },
      "engines": {
        "node": ">=10"
      },
      "funding": {
        "url": "https://github.com/sponsors/sindresorhus"
      }
    },
    "node_modules/deep-extend": {
      "version": "0.6.0",
      "license": "MIT",
      "engines": {
        "node": ">=4.0.0"
      }
    },
    "node_modules/delegates": {
      "version": "1.0.0",
      "license": "MIT"
    },
    "node_modules/detect-libc": {
      "version": "2.0.2",
      "license": "Apache-2.0",
      "engines": {
        "node": ">=8"
      }
    },
    "node_modules/duplexer": {
      "version": "0.1.2",
      "license": "MIT"
    },
    "node_modules/emoji-regex": {
      "version": "8.0.0",
      "license": "MIT"
    },
    "node_modules/end-of-stream": {
      "version": "1.4.4",
      "license": "MIT",
      "dependencies": {
        "once": "^1.4.0"
      }
    },
    "node_modules/escape-string-regexp": {
      "version": "1.0.5",
      "license": "MIT",
      "engines": {
        "node": ">=0.8.0"
      }
    },
    "node_modules/event-stream": {
      "version": "4.0.1",
      "license": "MIT",
      "dependencies": {
        "duplexer": "^0.1.1",
        "from": "^0.1.7",
        "map-stream": "0.0.7",
        "pause-stream": "^0.0.11",
        "split": "^1.0.1",
        "stream-combiner": "^0.2.2",
        "through": "^2.3.8"
      }
    },
    "node_modules/expand-template": {
      "version": "2.0.3",
      "license": "(MIT OR WTFPL)",
      "engines": {
        "node": ">=6"
      }
    },
    "node_modules/external-editor": {
      "version": "3.1.0",
      "license": "MIT",
      "dependencies": {
        "chardet": "^0.7.0",
        "iconv-lite": "^0.4.24",
        "tmp": "^0.0.33"
      },
      "engines": {
        "node": ">=4"
      }
    },
    "node_modules/figures": {
      "version": "3.2.0",
      "license": "MIT",
      "dependencies": {
        "escape-string-regexp": "^1.0.5"
      },
      "engines": {
        "node": ">=8"
      },
      "funding": {
        "url": "https://github.com/sponsors/sindresorhus"
      }
    },
    "node_modules/file-type": {
      "version": "12.4.0",
      "license": "MIT",
      "engines": {
        "node": ">=8"
      }
    },
    "node_modules/file-uri-to-path": {
      "version": "1.0.0",
      "license": "MIT"
    },
    "node_modules/from": {
      "version": "0.1.7",
      "license": "MIT"
    },
    "node_modules/fs": {
      "version": "0.0.1-security",
      "license": "ISC"
    },
    "node_modules/fs-constants": {
      "version": "1.0.0",
      "license": "MIT"
    },
    "node_modules/fs-minipass": {
      "version": "2.1.0",
      "license": "ISC",
      "dependencies": {
        "minipass": "^3.0.0"
      },
      "engines": {
        "node": ">= 8"
      }
    },
    "node_modules/fs-minipass/node_modules/minipass": {
      "version": "3.3.6",
      "license": "ISC",
      "dependencies": {
        "yallist": "^4.0.0"
      },
      "engines": {
        "node": ">=8"
      }
    },
    "node_modules/gauge": {
      "version": "2.7.4",
      "license": "ISC",
      "dependencies": {
        "aproba": "^1.0.3",
        "console-control-strings": "^1.0.0",
        "has-unicode": "^2.0.0",
        "object-assign": "^4.1.0",
        "signal-exit": "^3.0.0",
        "string-width": "^1.0.1",
        "strip-ansi": "^3.0.1",
        "wide-align": "^1.1.0"
      }
    },
    "node_modules/gauge/node_modules/ansi-regex": {
      "version": "2.1.1",
      "license": "MIT",
      "engines": {
        "node": ">=0.10.0"
      }
    },
    "node_modules/gauge/node_modules/is-fullwidth-code-point": {
      "version": "1.0.0",
      "license": "MIT",
      "dependencies": {
        "number-is-nan": "^1.0.0"
      },
      "engines": {
        "node": ">=0.10.0"
      }
    },
    "node_modules/gauge/node_modules/string-width": {
      "version": "1.0.2",
      "license": "MIT",
      "dependencies": {
        "code-point-at": "^1.0.0",
        "is-fullwidth-code-point": "^1.0.0",
        "strip-ansi": "^3.0.0"
      },
      "engines": {
        "node": ">=0.10.0"
      }
    },
    "node_modules/gauge/node_modules/strip-ansi": {
      "version": "3.0.1",
      "license": "MIT",
      "dependencies": {
        "ansi-regex": "^2.0.0"
      },
      "engines": {
        "node": ">=0.10.0"
      }
    },
    "node_modules/geojson-rbush": {
      "version": "3.2.0",
      "license": "MIT",
      "dependencies": {
        "@turf/bbox": "*",
        "@turf/helpers": "6.x",
        "@turf/meta": "6.x",
        "@types/geojson": "7946.0.8",
        "rbush": "^3.0.1"
      }
    },
    "node_modules/geojson-stream": {
      "version": "0.1.0",
      "license": "BSD-2-Clause",
      "dependencies": {
        "JSONStream": "^1.0.0",
        "through": "^2.3.4"
      }
    },
    "node_modules/github-from-package": {
      "version": "0.0.0",
      "license": "MIT"
    },
    "node_modules/has-flag": {
      "version": "4.0.0",
      "license": "MIT",
      "engines": {
        "node": ">=8"
      }
    },
    "node_modules/has-unicode": {
      "version": "2.0.1",
      "license": "ISC"
    },
    "node_modules/iconv-lite": {
      "version": "0.4.24",
      "license": "MIT",
      "dependencies": {
        "safer-buffer": ">= 2.1.2 < 3"
      },
      "engines": {
        "node": ">=0.10.0"
      }
    },
    "node_modules/ieee754": {
      "version": "1.2.1",
      "funding": [
        {
          "type": "github",
          "url": "https://github.com/sponsors/feross"
        },
        {
          "type": "patreon",
          "url": "https://www.patreon.com/feross"
        },
        {
          "type": "consulting",
          "url": "https://feross.org/support"
        }
      ],
      "license": "BSD-3-Clause"
    },
    "node_modules/image-size": {
      "version": "0.8.3",
      "license": "MIT",
      "dependencies": {
        "queue": "6.0.1"
      },
      "bin": {
        "image-size": "bin/image-size.js"
      },
      "engines": {
        "node": ">=6.9.0"
      }
    },
    "node_modules/inherits": {
      "version": "2.0.4",
      "license": "ISC"
    },
    "node_modules/ini": {
      "version": "1.3.8",
      "license": "ISC"
    },
    "node_modules/inquirer": {
      "version": "8.0.0",
      "license": "MIT",
      "dependencies": {
        "ansi-escapes": "^4.2.1",
        "chalk": "^4.1.0",
        "cli-cursor": "^3.1.0",
        "cli-width": "^3.0.0",
        "external-editor": "^3.0.3",
        "figures": "^3.0.0",
        "lodash": "^4.17.21",
        "mute-stream": "0.0.8",
        "run-async": "^2.4.0",
        "rxjs": "^6.6.6",
        "string-width": "^4.1.0",
        "strip-ansi": "^6.0.0",
        "through": "^2.3.6"
      },
      "engines": {
        "node": ">=8.0.0"
      }
    },
    "node_modules/is-fullwidth-code-point": {
      "version": "3.0.0",
      "license": "MIT",
      "engines": {
        "node": ">=8"
      }
    },
    "node_modules/isarray": {
      "version": "1.0.0",
      "license": "MIT"
    },
    "node_modules/jsonparse": {
      "version": "1.3.1",
      "engines": [
        "node >= 0.2.0"
      ],
      "license": "MIT"
    },
    "node_modules/JSONStream": {
      "version": "1.3.5",
      "license": "(MIT OR Apache-2.0)",
      "dependencies": {
        "jsonparse": "^1.2.0",
        "through": ">=2.2.7 <3"
      },
      "bin": {
        "JSONStream": "bin.js"
      },
      "engines": {
        "node": "*"
      }
    },
    "node_modules/lodash": {
      "version": "4.17.21",
      "license": "MIT"
    },
    "node_modules/lru-cache": {
      "version": "6.0.0",
      "license": "ISC",
      "dependencies": {
        "yallist": "^4.0.0"
      },
      "engines": {
        "node": ">=10"
      }
    },
    "node_modules/map-stream": {
      "version": "0.0.7",
      "license": "MIT"
    },
    "node_modules/media-typer": {
      "version": "0.3.0",
      "license": "MIT",
      "engines": {
        "node": ">= 0.6"
      }
    },
    "node_modules/mgrs": {
      "version": "1.0.0",
      "license": "MIT"
    },
    "node_modules/mime-db": {
      "version": "1.52.0",
      "license": "MIT",
      "engines": {
        "node": ">= 0.6"
      }
    },
    "node_modules/mime-types": {
      "version": "2.1.35",
      "license": "MIT",
      "dependencies": {
        "mime-db": "1.52.0"
      },
      "engines": {
        "node": ">= 0.6"
      }
    },
    "node_modules/mimic-fn": {
      "version": "2.1.0",
      "license": "MIT",
      "engines": {
        "node": ">=6"
      }
    },
    "node_modules/mimic-response": {
      "version": "3.1.0",
      "license": "MIT",
      "engines": {
        "node": ">=10"
      },
      "funding": {
        "url": "https://github.com/sponsors/sindresorhus"
      }
    },
    "node_modules/minimist": {
      "version": "1.2.8",
      "license": "MIT",
      "funding": {
        "url": "https://github.com/sponsors/ljharb"
      }
    },
    "node_modules/minipass": {
      "version": "5.0.0",
      "license": "ISC",
      "engines": {
        "node": ">=8"
      }
    },
    "node_modules/minizlib": {
      "version": "2.1.2",
      "license": "MIT",
      "dependencies": {
        "minipass": "^3.0.0",
        "yallist": "^4.0.0"
      },
      "engines": {
        "node": ">= 8"
      }
    },
    "node_modules/minizlib/node_modules/minipass": {
      "version": "3.3.6",
      "license": "ISC",
      "dependencies": {
        "yallist": "^4.0.0"
      },
      "engines": {
        "node": ">=8"
      }
    },
    "node_modules/mkdirp": {
      "version": "0.5.6",
      "license": "MIT",
      "dependencies": {
        "minimist": "^1.2.6"
      },
      "bin": {
        "mkdirp": "bin/cmd.js"
      }
    },
    "node_modules/mkdirp-classic": {
      "version": "0.5.3",
      "license": "MIT"
    },
    "node_modules/multer": {
      "version": "1.4.5-lts.1",
      "license": "MIT",
      "dependencies": {
        "append-field": "^1.0.0",
        "busboy": "^1.0.0",
        "concat-stream": "^1.5.2",
        "mkdirp": "^0.5.4",
        "object-assign": "^4.1.1",
        "type-is": "^1.6.4",
        "xtend": "^4.0.0"
      },
      "engines": {
        "node": ">= 6.0.0"
      }
    },
    "node_modules/mute-stream": {
      "version": "0.0.8",
      "license": "ISC"
    },
    "node_modules/napi-build-utils": {
      "version": "1.0.2",
      "license": "MIT"
    },
    "node_modules/node-abi": {
      "version": "3.52.0",
      "license": "MIT",
      "dependencies": {
        "semver": "^7.3.5"
      },
      "engines": {
        "node": ">=10"
      }
    },
    "node_modules/npmlog": {
      "version": "4.1.2",
      "license": "ISC",
      "dependencies": {
        "are-we-there-yet": "~1.1.2",
        "console-control-strings": "~1.1.0",
        "gauge": "~2.7.3",
        "set-blocking": "~2.0.0"
      }
    },
    "node_modules/number-is-nan": {
      "version": "1.0.1",
      "license": "MIT",
      "engines": {
        "node": ">=0.10.0"
      }
    },
    "node_modules/object-assign": {
      "version": "4.1.1",
      "license": "MIT",
      "engines": {
        "node": ">=0.10.0"
      }
    },
    "node_modules/once": {
      "version": "1.4.0",
      "license": "ISC",
      "dependencies": {
        "wrappy": "1"
      }
    },
    "node_modules/onetime": {
      "version": "5.1.2",
      "license": "MIT",
      "dependencies": {
        "mimic-fn": "^2.1.0"
      },
      "engines": {
        "node": ">=6"
      },
      "funding": {
        "url": "https://github.com/sponsors/sindresorhus"
      }
    },
    "node_modules/os-tmpdir": {
      "version": "1.0.2",
      "license": "MIT",
      "engines": {
        "node": ">=0.10.0"
      }
    },
    "node_modules/pause-stream": {
      "version": "0.0.11",
      "license": [
        "MIT",
        "Apache2"
      ],
      "dependencies": {
        "through": "~2.3"
      }
    },
    "node_modules/polygon-clipping": {
      "version": "0.15.3",
      "license": "MIT",
      "dependencies": {
        "splaytree": "^3.1.0"
      }
    },
    "node_modules/prebuild-install": {
      "version": "7.1.1",
      "license": "MIT",
      "dependencies": {
        "detect-libc": "^2.0.0",
        "expand-template": "^2.0.3",
        "github-from-package": "0.0.0",
        "minimist": "^1.2.3",
        "mkdirp-classic": "^0.5.3",
        "napi-build-utils": "^1.0.1",
        "node-abi": "^3.3.0",
        "pump": "^3.0.0",
        "rc": "^1.2.7",
        "simple-get": "^4.0.0",
        "tar-fs": "^2.0.0",
        "tunnel-agent": "^0.6.0"
      },
      "bin": {
        "prebuild-install": "bin.js"
      },
      "engines": {
        "node": ">=10"
      }
    },
    "node_modules/process-nextick-args": {
      "version": "2.0.1",
      "license": "MIT"
    },
    "node_modules/proj4": {
      "version": "2.8.0",
      "license": "MIT",
      "dependencies": {
        "mgrs": "1.0.0",
        "wkt-parser": "^1.3.1"
      }
    },
    "node_modules/pump": {
      "version": "3.0.0",
      "license": "MIT",
      "dependencies": {
        "end-of-stream": "^1.1.0",
        "once": "^1.3.1"
      }
    },
    "node_modules/queue": {
      "version": "6.0.1",
      "license": "MIT",
      "dependencies": {
        "inherits": "~2.0.3"
      }
    },
    "node_modules/quickselect": {
      "version": "2.0.0",
      "license": "ISC"
    },
    "node_modules/rbush": {
      "version": "3.0.1",
      "license": "MIT",
      "dependencies": {
        "quickselect": "^2.0.0"
      }
    },
    "node_modules/rc": {
      "version": "1.2.8",
      "license": "(BSD-2-Clause OR MIT OR Apache-2.0)",
      "dependencies": {
        "deep-extend": "^0.6.0",
        "ini": "~1.3.0",
        "minimist": "^1.2.0",
        "strip-json-comments": "~2.0.1"
      },
      "bin": {
        "rc": "cli.js"
      }
    },
    "node_modules/readable-stream": {
      "version": "2.3.8",
      "license": "MIT",
      "dependencies": {
        "core-util-is": "~1.0.0",
        "inherits": "~2.0.3",
        "isarray": "~1.0.0",
        "process-nextick-args": "~2.0.0",
        "safe-buffer": "~5.1.1",
        "string_decoder": "~1.1.1",
        "util-deprecate": "~1.0.1"
      }
    },
    "node_modules/reproject": {
      "version": "1.2.5",
      "license": "MIT",
      "dependencies": {
        "concat-stream": "^2.0.0",
        "event-stream": "^4.0.0",
        "geojson-stream": "0.1.0",
        "minimist": "^1.2.0",
        "proj4": "^2.4.4"
      },
      "bin": {
        "reproject": "cli.js"
      }
    },
    "node_modules/reproject/node_modules/concat-stream": {
      "version": "2.0.0",
      "engines": [
        "node >= 6.0"
      ],
      "license": "MIT",
      "dependencies": {
        "buffer-from": "^1.0.0",
        "inherits": "^2.0.3",
        "readable-stream": "^3.0.2",
        "typedarray": "^0.0.6"
      }
    },
    "node_modules/reproject/node_modules/readable-stream": {
      "version": "3.6.2",
      "license": "MIT",
      "dependencies": {
        "inherits": "^2.0.3",
        "string_decoder": "^1.1.1",
        "util-deprecate": "^1.0.1"
      },
      "engines": {
        "node": ">= 6"
      }
    },
    "node_modules/restore-cursor": {
      "version": "3.1.0",
      "license": "MIT",
      "dependencies": {
        "onetime": "^5.1.0",
        "signal-exit": "^3.0.2"
      },
      "engines": {
        "node": ">=8"
      }
    },
    "node_modules/rtree-sql.js": {
      "version": "1.7.0",
      "license": "MIT"
    },
    "node_modules/run-async": {
      "version": "2.4.1",
      "license": "MIT",
      "engines": {
        "node": ">=0.12.0"
      }
    },
    "node_modules/rxjs": {
      "version": "6.6.7",
      "license": "Apache-2.0",
      "dependencies": {
        "tslib": "^1.9.0"
      },
      "engines": {
        "npm": ">=2.0.0"
      }
    },
    "node_modules/safe-buffer": {
      "version": "5.1.2",
      "license": "MIT"
    },
    "node_modules/safer-buffer": {
      "version": "2.1.2",
      "license": "MIT"
    },
    "node_modules/semver": {
      "version": "7.5.4",
      "license": "ISC",
      "dependencies": {
        "lru-cache": "^6.0.0"
      },
      "bin": {
        "semver": "bin/semver.js"
      },
      "engines": {
        "node": ">=10"
      }
    },
    "node_modules/set-blocking": {
      "version": "2.0.0",
      "license": "ISC"
    },
    "node_modules/signal-exit": {
      "version": "3.0.7",
      "license": "ISC"
    },
    "node_modules/simple-concat": {
      "version": "1.0.1",
      "funding": [
        {
          "type": "github",
          "url": "https://github.com/sponsors/feross"
        },
        {
          "type": "patreon",
          "url": "https://www.patreon.com/feross"
        },
        {
          "type": "consulting",
          "url": "https://feross.org/support"
        }
      ],
      "license": "MIT"
    },
    "node_modules/simple-get": {
      "version": "4.0.1",
      "funding": [
        {
          "type": "github",
          "url": "https://github.com/sponsors/feross"
        },
        {
          "type": "patreon",
          "url": "https://www.patreon.com/feross"
        },
        {
          "type": "consulting",
          "url": "https://feross.org/support"
        }
      ],
      "license": "MIT",
      "dependencies": {
        "decompress-response": "^6.0.0",
        "once": "^1.3.1",
        "simple-concat": "^1.0.0"
      }
    },
    "node_modules/simplify-js": {
      "version": "1.2.4",
      "license": "BSD-2-Clause"
    },
    "node_modules/splaytree": {
      "version": "3.1.2",
      "license": "MIT"
    },
    "node_modules/split": {
      "version": "1.0.1",
      "license": "MIT",
      "dependencies": {
        "through": "2"
      },
      "engines": {
        "node": "*"
      }
    },
    "node_modules/stream-combiner": {
      "version": "0.2.2",
      "license": "MIT",
      "dependencies": {
        "duplexer": "~0.1.1",
        "through": "~2.3.4"
      }
    },
    "node_modules/streamsearch": {
      "version": "1.1.0",
      "engines": {
        "node": ">=10.0.0"
      }
    },
    "node_modules/string_decoder": {
      "version": "1.1.1",
      "license": "MIT",
      "dependencies": {
        "safe-buffer": "~5.1.0"
      }
    },
    "node_modules/string-width": {
      "version": "4.2.3",
      "license": "MIT",
      "dependencies": {
        "emoji-regex": "^8.0.0",
        "is-fullwidth-code-point": "^3.0.0",
        "strip-ansi": "^6.0.1"
      },
      "engines": {
        "node": ">=8"
      }
    },
    "node_modules/strip-ansi": {
      "version": "6.0.1",
      "license": "MIT",
      "dependencies": {
        "ansi-regex": "^5.0.1"
      },
      "engines": {
        "node": ">=8"
      }
    },
    "node_modules/strip-json-comments": {
      "version": "2.0.1",
      "license": "MIT",
      "engines": {
        "node": ">=0.10.0"
      }
    },
    "node_modules/supports-color": {
      "version": "7.2.0",
      "license": "MIT",
      "dependencies": {
        "has-flag": "^4.0.0"
      },
      "engines": {
        "node": ">=8"
      }
    },
    "node_modules/tar": {
      "version": "6.2.0",
      "license": "ISC",
      "dependencies": {
        "chownr": "^2.0.0",
        "fs-minipass": "^2.0.0",
        "minipass": "^5.0.0",
        "minizlib": "^2.1.1",
        "mkdirp": "^1.0.3",
        "yallist": "^4.0.0"
      },
      "engines": {
        "node": ">=10"
      }
    },
    "node_modules/tar-fs": {
      "version": "2.1.1",
      "license": "MIT",
      "dependencies": {
        "chownr": "^1.1.1",
        "mkdirp-classic": "^0.5.2",
        "pump": "^3.0.0",
        "tar-stream": "^2.1.4"
      }
    },
    "node_modules/tar-stream": {
      "version": "2.2.0",
      "license": "MIT",
      "dependencies": {
        "bl": "^4.0.3",
        "end-of-stream": "^1.4.1",
        "fs-constants": "^1.0.0",
        "inherits": "^2.0.3",
        "readable-stream": "^3.1.1"
      },
      "engines": {
        "node": ">=6"
      }
    },
    "node_modules/tar-stream/node_modules/readable-stream": {
      "version": "3.6.2",
      "license": "MIT",
      "dependencies": {
        "inherits": "^2.0.3",
        "string_decoder": "^1.1.1",
        "util-deprecate": "^1.0.1"
      },
      "engines": {
        "node": ">= 6"
      }
    },
    "node_modules/tar/node_modules/chownr": {
      "version": "2.0.0",
      "license": "ISC",
      "engines": {
        "node": ">=10"
      }
    },
    "node_modules/tar/node_modules/mkdirp": {
      "version": "1.0.4",
      "license": "MIT",
      "bin": {
        "mkdirp": "bin/cmd.js"
      },
      "engines": {
        "node": ">=10"
      }
    },
    "node_modules/through": {
      "version": "2.3.8",
      "license": "MIT"
    },
    "node_modules/tmp": {
      "version": "0.0.33",
      "license": "MIT",
      "dependencies": {
        "os-tmpdir": "~1.0.2"
      },
      "engines": {
        "node": ">=0.6.0"
      }
    },
    "node_modules/tslib": {
      "version": "1.14.1",
      "license": "0BSD"
    },
    "node_modules/tunnel-agent": {
      "version": "0.6.0",
      "license": "Apache-2.0",
      "dependencies": {
        "safe-buffer": "^5.0.1"
      },
      "engines": {
        "node": "*"
      }
    },
    "node_modules/type-fest": {
      "version": "0.21.3",
      "license": "(MIT OR CC0-1.0)",
      "engines": {
        "node": ">=10"
      },
      "funding": {
        "url": "https://github.com/sponsors/sindresorhus"
      }
    },
    "node_modules/type-is": {
      "version": "1.6.18",
      "license": "MIT",
      "dependencies": {
        "media-typer": "0.3.0",
        "mime-types": "~2.1.24"
      },
      "engines": {
        "node": ">= 0.6"
      }
    },
    "node_modules/typedarray": {
      "version": "0.0.6",
      "license": "MIT"
    },
    "node_modules/undici-types": {
      "version": "5.26.5",
      "license": "MIT"
    },
    "node_modules/util-deprecate": {
      "version": "1.0.2",
      "license": "MIT"
    },
    "node_modules/webworkify": {
      "version": "1.5.0",
      "license": "MIT"
    },
    "node_modules/wide-align": {
      "version": "1.1.5",
      "license": "ISC",
      "dependencies": {
        "string-width": "^1.0.2 || 2 || 3 || 4"
      }
    },
    "node_modules/wkt-parser": {
      "version": "1.3.3",
      "license": "MIT"
    },
    "node_modules/wkx": {
      "version": "0.4.8",
      "license": "MIT",
      "dependencies": {
        "@types/node": "*"
      }
    },
    "node_modules/wrappy": {
      "version": "1.0.2",
      "license": "ISC"
    },
    "node_modules/xtend": {
      "version": "4.0.2",
      "license": "MIT",
      "engines": {
        "node": ">=0.4"
      }
    },
    "node_modules/yallist": {
      "version": "4.0.0",
      "license": "ISC"
    }
  },
  "dependencies": {
    "@turf/bbox": {
      "version": "6.3.0",
      "requires": {
        "@turf/helpers": "^6.3.0",
        "@turf/meta": "^6.3.0"
      }
    },
    "@turf/helpers": {
      "version": "6.5.0"
    },
    "@turf/meta": {
      "version": "6.5.0",
      "requires": {
        "@turf/helpers": "^6.5.0"
      }
    },
    "@types/geojson": {
      "version": "7946.0.8"
    },
    "@types/node": {
      "version": "20.10.4",
      "requires": {
        "undici-types": "~5.26.4"
      }
    },
    "ansi-escapes": {
      "version": "4.3.2",
      "requires": {
        "type-fest": "^0.21.3"
      }
    },
    "ansi-regex": {
      "version": "5.0.1"
    },
    "ansi-styles": {
      "version": "4.3.0",
      "requires": {
        "color-convert": "^2.0.1"
      }
    },
    "append-field": {
      "version": "1.0.0"
    },
    "aproba": {
      "version": "1.2.0"
    },
    "are-we-there-yet": {
      "version": "1.1.7",
      "requires": {
        "delegates": "^1.0.0",
        "readable-stream": "^2.0.6"
      }
    },
    "base64-js": {
      "version": "1.5.1"
    },
    "better-sqlite3": {
      "version": "9.2.2",
      "requires": {
        "bindings": "^1.5.0",
        "prebuild-install": "^7.1.1"
      }
    },
    "bindings": {
      "version": "1.5.0",
      "requires": {
        "file-uri-to-path": "1.0.0"
      }
    },
    "bl": {
      "version": "4.1.0",
      "requires": {
        "buffer": "^5.5.0",
        "inherits": "^2.0.4",
        "readable-stream": "^3.4.0"
      },
      "dependencies": {
        "readable-stream": {
          "version": "3.6.2",
          "requires": {
            "inherits": "^2.0.3",
            "string_decoder": "^1.1.1",
            "util-deprecate": "^1.0.1"
          }
        }
      }
    },
    "buffer": {
      "version": "5.7.1",
      "requires": {
        "base64-js": "^1.3.1",
        "ieee754": "^1.1.13"
      }
    },
    "buffer-from": {
      "version": "1.1.2"
    },
    "busboy": {
      "version": "1.6.0",
      "requires": {
        "streamsearch": "^1.1.0"
      }
    },
    "chalk": {
      "version": "4.1.1",
      "requires": {
        "ansi-styles": "^4.1.0",
        "supports-color": "^7.1.0"
      }
    },
    "chardet": {
      "version": "0.7.0"
    },
    "chownr": {
      "version": "1.1.4"
    },
    "cli-cursor": {
      "version": "3.1.0",
      "requires": {
        "restore-cursor": "^3.1.0"
      }
    },
    "cli-width": {
      "version": "3.0.0"
    },
    "code-point-at": {
      "version": "1.1.0"
    },
    "color-convert": {
      "version": "2.0.1",
      "requires": {
        "color-name": "~1.1.4"
      }
    },
    "color-name": {
      "version": "1.1.4"
    },
    "concat-stream": {
      "version": "1.6.2",
      "requires": {
        "buffer-from": "^1.0.0",
        "inherits": "^2.0.3",
        "readable-stream": "^2.2.2",
        "typedarray": "^0.0.6"
      }
    },
    "console-control-strings": {
      "version": "1.1.0"
    },
    "core-util-is": {
      "version": "1.0.3"
    },
    "decompress-response": {
      "version": "6.0.0",
      "requires": {
        "mimic-response": "^3.1.0"
      }
    },
    "deep-extend": {
      "version": "0.6.0"
    },
    "delegates": {
      "version": "1.0.0"
    },
    "detect-libc": {
      "version": "2.0.2"
    },
    "duplexer": {
      "version": "0.1.2"
    },
    "emoji-regex": {
      "version": "8.0.0"
    },
    "end-of-stream": {
      "version": "1.4.4",
      "requires": {
        "once": "^1.4.0"
      }
    },
    "escape-string-regexp": {
      "version": "1.0.5"
    },
    "event-stream": {
      "version": "4.0.1",
      "requires": {
        "duplexer": "^0.1.1",
        "from": "^0.1.7",
        "map-stream": "0.0.7",
        "pause-stream": "^0.0.11",
        "split": "^1.0.1",
        "stream-combiner": "^0.2.2",
        "through": "^2.3.8"
      }
    },
    "expand-template": {
      "version": "2.0.3"
    },
    "external-editor": {
      "version": "3.1.0",
      "requires": {
        "chardet": "^0.7.0",
        "iconv-lite": "^0.4.24",
        "tmp": "^0.0.33"
      }
    },
    "figures": {
      "version": "3.2.0",
      "requires": {
        "escape-string-regexp": "^1.0.5"
      }
    },
    "file-type": {
      "version": "12.4.0"
    },
    "file-uri-to-path": {
      "version": "1.0.0"
    },
    "from": {
      "version": "0.1.7"
    },
    "fs": {
      "version": "0.0.1-security"
    },
    "fs-constants": {
      "version": "1.0.0"
    },
    "fs-minipass": {
      "version": "2.1.0",
      "requires": {
        "minipass": "^3.0.0"
      },
      "dependencies": {
        "minipass": {
          "version": "3.3.6",
          "requires": {
            "yallist": "^4.0.0"
          }
        }
      }
    },
    "gauge": {
      "version": "2.7.4",
      "requires": {
        "aproba": "^1.0.3",
        "console-control-strings": "^1.0.0",
        "has-unicode": "^2.0.0",
        "object-assign": "^4.1.0",
        "signal-exit": "^3.0.0",
        "string-width": "^1.0.1",
        "strip-ansi": "^3.0.1",
        "wide-align": "^1.1.0"
      },
      "dependencies": {
        "ansi-regex": {
          "version": "2.1.1"
        },
        "is-fullwidth-code-point": {
          "version": "1.0.0",
          "requires": {
            "number-is-nan": "^1.0.0"
          }
        },
        "string-width": {
          "version": "1.0.2",
          "requires": {
            "code-point-at": "^1.0.0",
            "is-fullwidth-code-point": "^1.0.0",
            "strip-ansi": "^3.0.0"
          }
        },
        "strip-ansi": {
          "version": "3.0.1",
          "requires": {
            "ansi-regex": "^2.0.0"
          }
        }
      }
    },
    "geojson-rbush": {
      "version": "3.2.0",
      "requires": {
        "@turf/bbox": "*",
        "@turf/helpers": "6.x",
        "@turf/meta": "6.x",
        "@types/geojson": "7946.0.8",
        "rbush": "^3.0.1"
      }
    },
    "geojson-stream": {
      "version": "0.1.0",
      "requires": {
        "JSONStream": "^1.0.0",
        "through": "^2.3.4"
      }
    },
    "github-from-package": {
      "version": "0.0.0"
    },
    "has-flag": {
      "version": "4.0.0"
    },
    "has-unicode": {
      "version": "2.0.1"
    },
    "iconv-lite": {
      "version": "0.4.24",
      "requires": {
        "safer-buffer": ">= 2.1.2 < 3"
      }
    },
    "ieee754": {
      "version": "1.2.1"
    },
    "image-size": {
      "version": "0.8.3",
      "requires": {
        "queue": "6.0.1"
      }
    },
    "inherits": {
      "version": "2.0.4"
    },
    "ini": {
      "version": "1.3.8"
    },
    "inquirer": {
      "version": "8.0.0",
      "requires": {
        "ansi-escapes": "^4.2.1",
        "chalk": "^4.1.0",
        "cli-cursor": "^3.1.0",
        "cli-width": "^3.0.0",
        "external-editor": "^3.0.3",
        "figures": "^3.0.0",
        "lodash": "^4.17.21",
        "mute-stream": "0.0.8",
        "run-async": "^2.4.0",
        "rxjs": "^6.6.6",
        "string-width": "^4.1.0",
        "strip-ansi": "^6.0.0",
        "through": "^2.3.6"
      }
    },
    "is-fullwidth-code-point": {
      "version": "3.0.0"
    },
    "isarray": {
      "version": "1.0.0"
    },
    "jsonparse": {
      "version": "1.3.1"
    },
    "JSONStream": {
      "version": "1.3.5",
      "requires": {
        "jsonparse": "^1.2.0",
        "through": ">=2.2.7 <3"
      }
    },
    "lodash": {
      "version": "4.17.21"
    },
    "lru-cache": {
      "version": "6.0.0",
      "requires": {
        "yallist": "^4.0.0"
      }
    },
    "map-stream": {
      "version": "0.0.7"
    },
    "media-typer": {
      "version": "0.3.0"
    },
    "mgrs": {
      "version": "1.0.0"
    },
    "mime-db": {
      "version": "1.52.0"
    },
    "mime-types": {
      "version": "2.1.35",
      "requires": {
        "mime-db": "1.52.0"
      }
    },
    "mimic-fn": {
      "version": "2.1.0"
    },
    "mimic-response": {
      "version": "3.1.0"
    },
    "minimist": {
      "version": "1.2.8"
    },
    "minipass": {
      "version": "5.0.0"
    },
    "minizlib": {
      "version": "2.1.2",
      "requires": {
        "minipass": "^3.0.0",
        "yallist": "^4.0.0"
      },
      "dependencies": {
        "minipass": {
          "version": "3.3.6",
          "requires": {
            "yallist": "^4.0.0"
          }
        }
      }
    },
    "mkdirp": {
      "version": "0.5.6",
      "requires": {
        "minimist": "^1.2.6"
      }
    },
    "mkdirp-classic": {
      "version": "0.5.3"
    },
    "multer": {
      "version": "1.4.5-lts.1",
      "requires": {
        "append-field": "^1.0.0",
        "busboy": "^1.0.0",
        "concat-stream": "^1.5.2",
        "mkdirp": "^0.5.4",
        "object-assign": "^4.1.1",
        "type-is": "^1.6.4",
        "xtend": "^4.0.0"
      }
    },
    "mute-stream": {
      "version": "0.0.8"
    },
    "napi-build-utils": {
      "version": "1.0.2"
    },
    "node-abi": {
      "version": "3.52.0",
      "requires": {
        "semver": "^7.3.5"
      }
    },
    "npmlog": {
      "version": "4.1.2",
      "requires": {
        "are-we-there-yet": "~1.1.2",
        "console-control-strings": "~1.1.0",
        "gauge": "~2.7.3",
        "set-blocking": "~2.0.0"
      }
    },
    "number-is-nan": {
      "version": "1.0.1"
    },
    "object-assign": {
      "version": "4.1.1"
    },
    "once": {
      "version": "1.4.0",
      "requires": {
        "wrappy": "1"
      }
    },
    "onetime": {
      "version": "5.1.2",
      "requires": {
        "mimic-fn": "^2.1.0"
      }
    },
    "os-tmpdir": {
      "version": "1.0.2"
    },
    "pause-stream": {
      "version": "0.0.11",
      "requires": {
        "through": "~2.3"
      }
    },
    "polygon-clipping": {
      "version": "0.15.3",
      "requires": {
        "splaytree": "^3.1.0"
      }
    },
    "prebuild-install": {
      "version": "7.1.1",
      "requires": {
        "detect-libc": "^2.0.0",
        "expand-template": "^2.0.3",
        "github-from-package": "0.0.0",
        "minimist": "^1.2.3",
        "mkdirp-classic": "^0.5.3",
        "napi-build-utils": "^1.0.1",
        "node-abi": "^3.3.0",
        "pump": "^3.0.0",
        "rc": "^1.2.7",
        "simple-get": "^4.0.0",
        "tar-fs": "^2.0.0",
        "tunnel-agent": "^0.6.0"
      }
    },
    "process-nextick-args": {
      "version": "2.0.1"
    },
    "proj4": {
      "version": "2.8.0",
      "requires": {
        "mgrs": "1.0.0",
        "wkt-parser": "^1.3.1"
      }
    },
    "pump": {
      "version": "3.0.0",
      "requires": {
        "end-of-stream": "^1.1.0",
        "once": "^1.3.1"
      }
    },
    "queue": {
      "version": "6.0.1",
      "requires": {
        "inherits": "~2.0.3"
      }
    },
    "quickselect": {
      "version": "2.0.0"
    },
    "rbush": {
      "version": "3.0.1",
      "requires": {
        "quickselect": "^2.0.0"
      }
    },
    "rc": {
      "version": "1.2.8",
      "requires": {
        "deep-extend": "^0.6.0",
        "ini": "~1.3.0",
        "minimist": "^1.2.0",
        "strip-json-comments": "~2.0.1"
      }
    },
    "readable-stream": {
      "version": "2.3.8",
      "requires": {
        "core-util-is": "~1.0.0",
        "inherits": "~2.0.3",
        "isarray": "~1.0.0",
        "process-nextick-args": "~2.0.0",
        "safe-buffer": "~5.1.1",
        "string_decoder": "~1.1.1",
        "util-deprecate": "~1.0.1"
      }
    },
    "reproject": {
      "version": "1.2.5",
      "requires": {
        "concat-stream": "^2.0.0",
        "event-stream": "^4.0.0",
        "geojson-stream": "0.1.0",
        "minimist": "^1.2.0",
        "proj4": "^2.4.4"
      },
      "dependencies": {
        "concat-stream": {
          "version": "2.0.0",
          "requires": {
            "buffer-from": "^1.0.0",
            "inherits": "^2.0.3",
            "readable-stream": "^3.0.2",
            "typedarray": "^0.0.6"
          }
        },
        "readable-stream": {
          "version": "3.6.2",
          "requires": {
            "inherits": "^2.0.3",
            "string_decoder": "^1.1.1",
            "util-deprecate": "^1.0.1"
          }
        }
      }
    },
    "restore-cursor": {
      "version": "3.1.0",
      "requires": {
        "onetime": "^5.1.0",
        "signal-exit": "^3.0.2"
      }
    },
    "rtree-sql.js": {
      "version": "1.7.0"
    },
    "run-async": {
      "version": "2.4.1"
    },
    "rxjs": {
      "version": "6.6.7",
      "requires": {
        "tslib": "^1.9.0"
      }
    },
    "safe-buffer": {
      "version": "5.1.2"
    },
    "safer-buffer": {
      "version": "2.1.2"
    },
    "semver": {
      "version": "7.5.4",
      "requires": {
        "lru-cache": "^6.0.0"
      }
    },
    "set-blocking": {
      "version": "2.0.0"
    },
    "signal-exit": {
      "version": "3.0.7"
    },
    "simple-concat": {
      "version": "1.0.1"
    },
    "simple-get": {
      "version": "4.0.1",
      "requires": {
        "decompress-response": "^6.0.0",
        "once": "^1.3.1",
        "simple-concat": "^1.0.0"
      }
    },
    "simplify-js": {
      "version": "1.2.4"
    },
    "splaytree": {
      "version": "3.1.2"
    },
    "split": {
      "version": "1.0.1",
      "requires": {
        "through": "2"
      }
    },
    "stream-combiner": {
      "version": "0.2.2",
      "requires": {
        "duplexer": "~0.1.1",
        "through": "~2.3.4"
      }
    },
    "streamsearch": {
      "version": "1.1.0"
    },
    "string_decoder": {
      "version": "1.1.1",
      "requires": {
        "safe-buffer": "~5.1.0"
      }
    },
    "string-width": {
      "version": "4.2.3",
      "requires": {
        "emoji-regex": "^8.0.0",
        "is-fullwidth-code-point": "^3.0.0",
        "strip-ansi": "^6.0.1"
      }
    },
    "strip-ansi": {
      "version": "6.0.1",
      "requires": {
        "ansi-regex": "^5.0.1"
      }
    },
    "strip-json-comments": {
      "version": "2.0.1"
    },
    "supports-color": {
      "version": "7.2.0",
      "requires": {
        "has-flag": "^4.0.0"
      }
    },
    "tar": {
      "version": "6.2.0",
      "requires": {
        "chownr": "^2.0.0",
        "fs-minipass": "^2.0.0",
        "minipass": "^5.0.0",
        "minizlib": "^2.1.1",
        "mkdirp": "^1.0.3",
        "yallist": "^4.0.0"
      },
      "dependencies": {
        "chownr": {
          "version": "2.0.0"
        },
        "mkdirp": {
          "version": "1.0.4"
        }
      }
    },
    "tar-fs": {
      "version": "2.1.1",
      "requires": {
        "chownr": "^1.1.1",
        "mkdirp-classic": "^0.5.2",
        "pump": "^3.0.0",
        "tar-stream": "^2.1.4"
      }
    },
    "tar-stream": {
      "version": "2.2.0",
      "requires": {
        "bl": "^4.0.3",
        "end-of-stream": "^1.4.1",
        "fs-constants": "^1.0.0",
        "inherits": "^2.0.3",
        "readable-stream": "^3.1.1"
      },
      "dependencies": {
        "readable-stream": {
          "version": "3.6.2",
          "requires": {
            "inherits": "^2.0.3",
            "string_decoder": "^1.1.1",
            "util-deprecate": "^1.0.1"
          }
        }
      }
    },
    "through": {
      "version": "2.3.8"
    },
    "tmp": {
      "version": "0.0.33",
      "requires": {
        "os-tmpdir": "~1.0.2"
      }
    },
    "tslib": {
      "version": "1.14.1"
    },
    "tunnel-agent": {
      "version": "0.6.0",
      "requires": {
        "safe-buffer": "^5.0.1"
      }
    },
    "type-fest": {
      "version": "0.21.3"
    },
    "type-is": {
      "version": "1.6.18",
      "requires": {
        "media-typer": "0.3.0",
        "mime-types": "~2.1.24"
      }
    },
    "typedarray": {
      "version": "0.0.6"
    },
    "undici-types": {
      "version": "5.26.5"
    },
    "util-deprecate": {
      "version": "1.0.2"
    },
    "webworkify": {
      "version": "1.5.0"
    },
    "wide-align": {
      "version": "1.1.5",
      "requires": {
        "string-width": "^1.0.2 || 2 || 3 || 4"
      }
    },
    "wkt-parser": {
      "version": "1.3.3"
    },
    "wkx": {
      "version": "0.4.8",
      "requires": {
        "@types/node": "*"
      }
    },
    "wrappy": {
      "version": "1.0.2"
    },
    "xtend": {
      "version": "4.0.2"
    },
    "yallist": {
      "version": "4.0.0"
    }
  }
}
